
Microsoft Visual Studio Solution File, Format Version 12.00
# Visual Studio Version 16
VisualStudioVersion = 16.0.34601.136
MinimumVisualStudioVersion = 10.0.40219.1
Project("{8BC9CEB8-8B4A-11D0-8D11-00A0C91BC942}") = "example", "example\example.vcxproj", "{31665664-7AB3-4E43-9E93-A6161C40C758}"
EndProject
Project("{8BC9CEB8-8B4A-11D0-8D11-00A0C91BC942}") = "example4", "example4\example4.vcxproj", "{E914BEF0-41E8-4663-B9A5-50A9D55FF057}"
EndProject
Global
	GlobalSection(SolutionConfigurationPlatforms) = preSolution
		Debug|x64 = Debug|x64
		Debug|x86 = Debug|x86
		Release|x64 = Release|x64
		Release|x86 = Release|x86
	EndGlobalSection
	GlobalSection(ProjectConfigurationPlatforms) = postSolution
		{31665664-7AB3-4E43-9E93-A6161C40C758}.Debug|x64.ActiveCfg = Debug|x64
		{31665664-7AB3-4E43-9E93-A6161C40C758}.Debug|x64.Build.0 = Debug|x64
		{31665664-7AB3-4E43-9E93-A6161C40C758}.Debug|x86.ActiveCfg = Debug|Win32
		{31665664-7AB3-4E43-9E93-A6161C40C758}.Debug|x86.Build.0 = Debug|Win32
		{31665664-7AB3-4E43-9E93-A6161C40C758}.Release|x64.ActiveCfg = Release|x64
		{31665664-7AB3-4E43-9E93-A6161C40C758}.Release|x64.Build.0 = Release|x64
		{31665664-7AB3-4E43-9E93-A6161C40C758}.Release|x86.ActiveCfg = Release|Win32
		{31665664-7AB3-4E43-9E93-A6161C40C758}.Release|x86.Build.0 = Release|Win32
		{E914BEF0-41E8-4663-B9A5-50A9D55FF057}.Debug|x64.ActiveCfg = Debug|x64
		{E914BEF0-41E8-4663-B9A5-50A9D55FF057}.Debug|x64.Build.0 = Debug|x64
		{E914BEF0-41E8-4663-B9A5-50A9D55FF057}.Debug|x86.ActiveCfg = Debug|Win32
		{E914BEF0-41E8-4663-B9A5-50A9D55FF057}.Debug|x86.Build.0 = Debug|Win32
		{E914BEF0-41E8-4663-B9A5-50A9D55FF057}.Release|x64.ActiveCfg = Release|x64
		{E914BEF0-41E8-4663-B9A5-50A9D55FF057}.Release|x64.Build.0 = Release|x64
		{E914BEF0-41E8-4663-B9A5-50A9D55FF057}.Release|x86.ActiveCfg = Release|Win32
		{E914BEF0-41E8-4663-B9A5-50A9D55FF057}.Release|x86.Build.0 = Release|Win32
	EndGlobalSection
	GlobalSection(SolutionProperties) = preSolution
		HideSolutionNode = FALSE
	EndGlobalSection
	GlobalSection(ExtensibilityGlobals) = postSolution
		SolutionGuid = {C78FACBD-19DD-4F34-9FEA-12966CE8A670}
	EndGlobalSection
EndGlobal
